
Microsoft Visual Studio Solution File, Format Version 12.00
# Visual Studio Version 17
VisualStudioVersion = 17.3.32901.215
MinimumVisualStudioVersion = 10.0.40219.1
Project("{9A19103F-16F7-4668-BE54-9A1E7A4F7556}") = "AM.UI.Console", "AM.UI.Console\AM.UI.Console.csproj", "{C65BFFA6-E8C4-4C03-ABE5-ACB25AA69A20}"
EndProject
Project("{9A19103F-16F7-4668-BE54-9A1E7A4F7556}") = "AM.ApplicationCore", "AM.ApplicationCore\AM.ApplicationCore.csproj", "{E6171295-6027-46C2-8686-EF651D196D8B}"
EndProject
Project("{9A19103F-16F7-4668-BE54-9A1E7A4F7556}") = "AM.Infrastructure", "AM.Infrastructure\AM.Infrastructure.csproj", "{1B8DD2A7-78A4-4640-B6F6-21D9349E0C12}"
EndProject
Global
	GlobalSection(SolutionConfigurationPlatforms) = preSolution
		Debug|Any CPU = Debug|Any CPU
		Release|Any CPU = Release|Any CPU
	EndGlobalSection
	GlobalSection(ProjectConfigurationPlatforms) = postSolution
		{C65BFFA6-E8C4-4C03-ABE5-ACB25AA69A20}.Debug|Any CPU.ActiveCfg = Debug|Any CPU
		{C65BFFA6-E8C4-4C03-ABE5-ACB25AA69A20}.Debug|Any CPU.Build.0 = Debug|Any CPU
		{C65BFFA6-E8C4-4C03-ABE5-ACB25AA69A20}.Release|Any CPU.ActiveCfg = Release|Any CPU
		{C65BFFA6-E8C4-4C03-ABE5-ACB25AA69A20}.Release|Any CPU.Build.0 = Release|Any CPU
		{E6171295-6027-46C2-8686-EF651D196D8B}.Debug|Any CPU.ActiveCfg = Debug|Any CPU
		{E6171295-6027-46C2-8686-EF651D196D8B}.Debug|Any CPU.Build.0 = Debug|Any CPU
		{E6171295-6027-46C2-8686-EF651D196D8B}.Release|Any CPU.ActiveCfg = Release|Any CPU
		{E6171295-6027-46C2-8686-EF651D196D8B}.Release|Any CPU.Build.0 = Release|Any CPU
		{1B8DD2A7-78A4-4640-B6F6-21D9349E0C12}.Debug|Any CPU.ActiveCfg = Debug|Any CPU
		{1B8DD2A7-78A4-4640-B6F6-21D9349E0C12}.Debug|Any CPU.Build.0 = Debug|Any CPU
		{1B8DD2A7-78A4-4640-B6F6-21D9349E0C12}.Release|Any CPU.ActiveCfg = Release|Any CPU
		{1B8DD2A7-78A4-4640-B6F6-21D9349E0C12}.Release|Any CPU.Build.0 = Release|Any CPU
	EndGlobalSection
	GlobalSection(SolutionProperties) = preSolution
		HideSolutionNode = FALSE
	EndGlobalSection
	GlobalSection(ExtensibilityGlobals) = postSolution
		SolutionGuid = {C228CA6A-8EFB-4C64-86E7-85A56296276E}
	EndGlobalSection
EndGlobal
